
Microsoft Visual Studio Solution File, Format Version 12.00
# Visual Studio Version 16
VisualStudioVersion = 16.0.33927.289
MinimumVisualStudioVersion = 10.0.40219.1
Project("{2150E333-8FDC-42A3-9474-1A3956D46DE8}") = "Task0", "Task0", "{6F7AA490-4D62-49EF-B2B4-9B250CB069B2}"
EndProject
Project("{FAE04EC0-301F-11D3-BF4B-00C04F79EFBC}") = "Tyuiu.KosovskihVA.Sprint4.Task0.V7", "Tyuiu.KosovskihVA.Sprint4.Task0.V7\Tyuiu.KosovskihVA.Sprint4.Task0.V7.csproj", "{190D8E3C-7E73-45BF-95DE-C963B4A02E1F}"
EndProject
Project("{FAE04EC0-301F-11D3-BF4B-00C04F79EFBC}") = "Tyuiu.KosovskihVA.Sprint4.Task0.V7.Lib", "Tyuiu.KosovskihVA.Sprint4.Task0.V7.Lib\Tyuiu.KosovskihVA.Sprint4.Task0.V7.Lib.csproj", "{C87CB3E6-48BE-4899-AD92-2E179AFE06D1}"
EndProject
Project("{FAE04EC0-301F-11D3-BF4B-00C04F79EFBC}") = "Tyuiu.KosovskihVA.Sprint4.Task0.V7.Test", "Tyuiu.KosovskihVA.Sprint4.Task0.V7.Test\Tyuiu.KosovskihVA.Sprint4.Task0.V7.Test.csproj", "{297C1A6C-E980-4E90-BD4E-D0B650DC2EB9}"
EndProject
Global
	GlobalSection(SolutionConfigurationPlatforms) = preSolution
		Debug|Any CPU = Debug|Any CPU
		Release|Any CPU = Release|Any CPU
	EndGlobalSection
	GlobalSection(ProjectConfigurationPlatforms) = postSolution
		{190D8E3C-7E73-45BF-95DE-C963B4A02E1F}.Debug|Any CPU.ActiveCfg = Debug|Any CPU
		{190D8E3C-7E73-45BF-95DE-C963B4A02E1F}.Debug|Any CPU.Build.0 = Debug|Any CPU
		{190D8E3C-7E73-45BF-95DE-C963B4A02E1F}.Release|Any CPU.ActiveCfg = Release|Any CPU
		{190D8E3C-7E73-45BF-95DE-C963B4A02E1F}.Release|Any CPU.Build.0 = Release|Any CPU
		{C87CB3E6-48BE-4899-AD92-2E179AFE06D1}.Debug|Any CPU.ActiveCfg = Debug|Any CPU
		{C87CB3E6-48BE-4899-AD92-2E179AFE06D1}.Debug|Any CPU.Build.0 = Debug|Any CPU
		{C87CB3E6-48BE-4899-AD92-2E179AFE06D1}.Release|Any CPU.ActiveCfg = Release|Any CPU
		{C87CB3E6-48BE-4899-AD92-2E179AFE06D1}.Release|Any CPU.Build.0 = Release|Any CPU
		{297C1A6C-E980-4E90-BD4E-D0B650DC2EB9}.Debug|Any CPU.ActiveCfg = Debug|Any CPU
		{297C1A6C-E980-4E90-BD4E-D0B650DC2EB9}.Debug|Any CPU.Build.0 = Debug|Any CPU
		{297C1A6C-E980-4E90-BD4E-D0B650DC2EB9}.Release|Any CPU.ActiveCfg = Release|Any CPU
		{297C1A6C-E980-4E90-BD4E-D0B650DC2EB9}.Release|Any CPU.Build.0 = Release|Any CPU
	EndGlobalSection
	GlobalSection(SolutionProperties) = preSolution
		HideSolutionNode = FALSE
	EndGlobalSection
	GlobalSection(NestedProjects) = preSolution
		{190D8E3C-7E73-45BF-95DE-C963B4A02E1F} = {6F7AA490-4D62-49EF-B2B4-9B250CB069B2}
		{C87CB3E6-48BE-4899-AD92-2E179AFE06D1} = {6F7AA490-4D62-49EF-B2B4-9B250CB069B2}
		{297C1A6C-E980-4E90-BD4E-D0B650DC2EB9} = {6F7AA490-4D62-49EF-B2B4-9B250CB069B2}
	EndGlobalSection
	GlobalSection(ExtensibilityGlobals) = postSolution
		SolutionGuid = {24DDA2EC-E28D-444C-943F-F1B62B1BDA13}
	EndGlobalSection
EndGlobal
