
Microsoft Visual Studio Solution File, Format Version 12.00
# Visual Studio Version 16
VisualStudioVersion = 16.0.33927.289
MinimumVisualStudioVersion = 10.0.40219.1
Project("{2150E333-8FDC-42A3-9474-1A3956D46DE8}") = "Task0", "Task0", "{6F7AA490-4D62-49EF-B2B4-9B250CB069B2}"
EndProject
Project("{FAE04EC0-301F-11D3-BF4B-00C04F79EFBC}") = "Tyuiu.KosovskihVA.Sprint4.Task0.V7", "Tyuiu.KosovskihVA.Sprint4.Task0.V7\Tyuiu.KosovskihVA.Sprint4.Task0.V7.csproj", "{190D8E3C-7E73-45BF-95DE-C963B4A02E1F}"
EndProject
Project("{FAE04EC0-301F-11D3-BF4B-00C04F79EFBC}") = "Tyuiu.KosovskihVA.Sprint4.Task0.V7.Lib", "Tyuiu.KosovskihVA.Sprint4.Task0.V7.Lib\Tyuiu.KosovskihVA.Sprint4.Task0.V7.Lib.csproj", "{C87CB3E6-48BE-4899-AD92-2E179AFE06D1}"
EndProject
Project("{FAE04EC0-301F-11D3-BF4B-00C04F79EFBC}") = "Tyuiu.KosovskihVA.Sprint4.Task0.V7.Test", "Tyuiu.KosovskihVA.Sprint4.Task0.V7.Test\Tyuiu.KosovskihVA.Sprint4.Task0.V7.Test.csproj", "{297C1A6C-E980-4E90-BD4E-D0B650DC2EB9}"
EndProject
Project("{2150E333-8FDC-42A3-9474-1A3956D46DE8}") = "Task1", "Task1", "{4FC79DF6-2166-4FAC-8F8F-526CC861F82C}"
EndProject
Project("{FAE04EC0-301F-11D3-BF4B-00C04F79EFBC}") = "Tyuiu.KosovskihVA.Sprint4.Task1.V15", "Tyuiu.KosovskihVA.Sprint4.Task1.V15\Tyuiu.KosovskihVA.Sprint4.Task1.V15.csproj", "{95BB080A-6E2B-408A-A9F7-524231733E5B}"
EndProject
Project("{FAE04EC0-301F-11D3-BF4B-00C04F79EFBC}") = "Tyuiu.KosovskihVA.Sprint4.Task1.V15.Lib", "Tyuiu.KosovskihVA.Sprint4.Task1.V15.Lib\Tyuiu.KosovskihVA.Sprint4.Task1.V15.Lib.csproj", "{FCD14B96-5657-4920-B9B3-C69D929FDC87}"
EndProject
Project("{FAE04EC0-301F-11D3-BF4B-00C04F79EFBC}") = "Tyuiu.KosovskihVA.Sprint4.Task1.V15.Test", "Tyuiu.KosovskihVA.Sprint4.Task1.V15.Test\Tyuiu.KosovskihVA.Sprint4.Task1.V15.Test.csproj", "{6BD60AD2-3745-4F8B-8283-190B851479AE}"
EndProject
Project("{2150E333-8FDC-42A3-9474-1A3956D46DE8}") = "Task2", "Task2", "{5E88A1AD-2461-4FDD-9C6C-3AAB68705208}"
EndProject
Project("{FAE04EC0-301F-11D3-BF4B-00C04F79EFBC}") = "Tyuiu.KosovskihVA.Sprint4.Task2.V2", "Tyuiu.KosovskihVA.Sprint4.Task2.V2\Tyuiu.KosovskihVA.Sprint4.Task2.V2.csproj", "{F0213B78-F950-4BEC-B585-67CA68828E9D}"
EndProject
Project("{FAE04EC0-301F-11D3-BF4B-00C04F79EFBC}") = "Tyuiu.KosovskihVA.Sprint4.Task2.V2.Lib", "Tyuiu.KosovskihVA.Sprint4.Task2.V2.Lib\Tyuiu.KosovskihVA.Sprint4.Task2.V2.Lib.csproj", "{28CDA872-849A-4DD8-9513-768C0803C1BE}"
EndProject
Project("{FAE04EC0-301F-11D3-BF4B-00C04F79EFBC}") = "Tyuiu.KosovskihVA.Sprint4.Task2.V2.Test", "Tyuiu.KosovskihVA.Sprint4.Task2.V2.Test\Tyuiu.KosovskihVA.Sprint4.Task2.V2.Test.csproj", "{7A0D810D-7F5B-4777-A55C-BF9BBCFD419A}"
EndProject
Project("{2150E333-8FDC-42A3-9474-1A3956D46DE8}") = "Task3", "Task3", "{54DE9619-F242-4B33-854A-064E13E3C55E}"
EndProject
Project("{FAE04EC0-301F-11D3-BF4B-00C04F79EFBC}") = "Tyuiu.KosovskihVA.Sprint4.Task3.V3", "Tyuiu.KosovskihVA.Sprint4.Task3.V3\Tyuiu.KosovskihVA.Sprint4.Task3.V3.csproj", "{6BCF49C3-5D5B-4C7A-B7BF-F8625DD885F4}"
EndProject
Project("{FAE04EC0-301F-11D3-BF4B-00C04F79EFBC}") = "Tyuiu.KosovskihVA.Sprint4.Task3.V3.Lib", "Tyuiu.KosovskihVA.Sprint4.Task3.V3.Lib\Tyuiu.KosovskihVA.Sprint4.Task3.V3.Lib.csproj", "{8AAB8B74-E13A-4732-B8DD-F92858FBA86A}"
EndProject
Project("{FAE04EC0-301F-11D3-BF4B-00C04F79EFBC}") = "Tyuiu.KosovskihVA.Sprint4.Task3.V3.Test", "Tyuiu.KosovskihVA.Sprint4.Task3.V3.Test\Tyuiu.KosovskihVA.Sprint4.Task3.V3.Test.csproj", "{33D087A6-92FB-4B6B-9C3B-1EBA951CC5EE}"
EndProject
Project("{2150E333-8FDC-42A3-9474-1A3956D46DE8}") = "Task4", "Task4", "{2747EA0F-653A-4C0C-AB3A-F8C6FF9FB29C}"
EndProject
Project("{FAE04EC0-301F-11D3-BF4B-00C04F79EFBC}") = "Tyuiu.KosovskihVA.Sprint4.Task4.V15", "Tyuiu.KosovskihVA.Sprint4.Task4.V15\Tyuiu.KosovskihVA.Sprint4.Task4.V15.csproj", "{49AA7EB5-902B-49BE-9460-AECA3D267C65}"
EndProject
Project("{FAE04EC0-301F-11D3-BF4B-00C04F79EFBC}") = "Tyuiu.KosovskihVA.Sprint4.Task4.V15.Lib", "Tyuiu.KosovskihVA.Sprint4.Task4.V15.Lib\Tyuiu.KosovskihVA.Sprint4.Task4.V15.Lib.csproj", "{207318E3-5D12-4B5A-A1FB-A4A65E265197}"
EndProject
Project("{FAE04EC0-301F-11D3-BF4B-00C04F79EFBC}") = "Tyuiu.KosovskihVA.Sprint4.Task4.V15.Test", "Tyuiu.KosovskihVA.Sprint4.Task4.V15.Test\Tyuiu.KosovskihVA.Sprint4.Task4.V15.Test.csproj", "{3504FB97-7C2B-4366-B677-9BB5630796EA}"
EndProject
Project("{2150E333-8FDC-42A3-9474-1A3956D46DE8}") = "Task5", "Task5", "{2B9087B7-A3D4-4CD1-9D84-A48820C4E885}"
EndProject
Project("{FAE04EC0-301F-11D3-BF4B-00C04F79EFBC}") = "Tyuiu.KosovskihVA.Sprint4.Task5.V13", "Tyuiu.KosovskihVA.Sprint4.Task5.V13\Tyuiu.KosovskihVA.Sprint4.Task5.V13.csproj", "{0DBE5FF1-1439-4B92-BB73-84DDAD73A57B}"
EndProject
Project("{FAE04EC0-301F-11D3-BF4B-00C04F79EFBC}") = "Tyuiu.KosovskihVA.Sprint4.Task5.V13.Test", "Tyuiu.KosovskihVA.Sprint4.Task5.V13.Test\Tyuiu.KosovskihVA.Sprint4.Task5.V13.Test.csproj", "{D4FBE9F2-4EEB-4089-962C-01D7A1D9BC50}"
EndProject
Project("{FAE04EC0-301F-11D3-BF4B-00C04F79EFBC}") = "Tyuiu.KosovskihVA.Sprint4.Task5.V13.Lib", "Tyuiu.KosovskihVA.Sprint4.Task5.V13.Lib\Tyuiu.KosovskihVA.Sprint4.Task5.V13.Lib.csproj", "{815E962E-C6E4-4367-AC85-8B0B79B1F4BA}"
EndProject
Global
	GlobalSection(SolutionConfigurationPlatforms) = preSolution
		Debug|Any CPU = Debug|Any CPU
		Release|Any CPU = Release|Any CPU
	EndGlobalSection
	GlobalSection(ProjectConfigurationPlatforms) = postSolution
		{190D8E3C-7E73-45BF-95DE-C963B4A02E1F}.Debug|Any CPU.ActiveCfg = Debug|Any CPU
		{190D8E3C-7E73-45BF-95DE-C963B4A02E1F}.Debug|Any CPU.Build.0 = Debug|Any CPU
		{190D8E3C-7E73-45BF-95DE-C963B4A02E1F}.Release|Any CPU.ActiveCfg = Release|Any CPU
		{190D8E3C-7E73-45BF-95DE-C963B4A02E1F}.Release|Any CPU.Build.0 = Release|Any CPU
		{C87CB3E6-48BE-4899-AD92-2E179AFE06D1}.Debug|Any CPU.ActiveCfg = Debug|Any CPU
		{C87CB3E6-48BE-4899-AD92-2E179AFE06D1}.Debug|Any CPU.Build.0 = Debug|Any CPU
		{C87CB3E6-48BE-4899-AD92-2E179AFE06D1}.Release|Any CPU.ActiveCfg = Release|Any CPU
		{C87CB3E6-48BE-4899-AD92-2E179AFE06D1}.Release|Any CPU.Build.0 = Release|Any CPU
		{297C1A6C-E980-4E90-BD4E-D0B650DC2EB9}.Debug|Any CPU.ActiveCfg = Debug|Any CPU
		{297C1A6C-E980-4E90-BD4E-D0B650DC2EB9}.Debug|Any CPU.Build.0 = Debug|Any CPU
		{297C1A6C-E980-4E90-BD4E-D0B650DC2EB9}.Release|Any CPU.ActiveCfg = Release|Any CPU
		{297C1A6C-E980-4E90-BD4E-D0B650DC2EB9}.Release|Any CPU.Build.0 = Release|Any CPU
		{95BB080A-6E2B-408A-A9F7-524231733E5B}.Debug|Any CPU.ActiveCfg = Debug|Any CPU
		{95BB080A-6E2B-408A-A9F7-524231733E5B}.Debug|Any CPU.Build.0 = Debug|Any CPU
		{95BB080A-6E2B-408A-A9F7-524231733E5B}.Release|Any CPU.ActiveCfg = Release|Any CPU
		{95BB080A-6E2B-408A-A9F7-524231733E5B}.Release|Any CPU.Build.0 = Release|Any CPU
		{FCD14B96-5657-4920-B9B3-C69D929FDC87}.Debug|Any CPU.ActiveCfg = Debug|Any CPU
		{FCD14B96-5657-4920-B9B3-C69D929FDC87}.Debug|Any CPU.Build.0 = Debug|Any CPU
		{FCD14B96-5657-4920-B9B3-C69D929FDC87}.Release|Any CPU.ActiveCfg = Release|Any CPU
		{FCD14B96-5657-4920-B9B3-C69D929FDC87}.Release|Any CPU.Build.0 = Release|Any CPU
		{6BD60AD2-3745-4F8B-8283-190B851479AE}.Debug|Any CPU.ActiveCfg = Debug|Any CPU
		{6BD60AD2-3745-4F8B-8283-190B851479AE}.Debug|Any CPU.Build.0 = Debug|Any CPU
		{6BD60AD2-3745-4F8B-8283-190B851479AE}.Release|Any CPU.ActiveCfg = Release|Any CPU
		{6BD60AD2-3745-4F8B-8283-190B851479AE}.Release|Any CPU.Build.0 = Release|Any CPU
		{F0213B78-F950-4BEC-B585-67CA68828E9D}.Debug|Any CPU.ActiveCfg = Debug|Any CPU
		{F0213B78-F950-4BEC-B585-67CA68828E9D}.Debug|Any CPU.Build.0 = Debug|Any CPU
		{F0213B78-F950-4BEC-B585-67CA68828E9D}.Release|Any CPU.ActiveCfg = Release|Any CPU
		{F0213B78-F950-4BEC-B585-67CA68828E9D}.Release|Any CPU.Build.0 = Release|Any CPU
		{28CDA872-849A-4DD8-9513-768C0803C1BE}.Debug|Any CPU.ActiveCfg = Debug|Any CPU
		{28CDA872-849A-4DD8-9513-768C0803C1BE}.Debug|Any CPU.Build.0 = Debug|Any CPU
		{28CDA872-849A-4DD8-9513-768C0803C1BE}.Release|Any CPU.ActiveCfg = Release|Any CPU
		{28CDA872-849A-4DD8-9513-768C0803C1BE}.Release|Any CPU.Build.0 = Release|Any CPU
		{7A0D810D-7F5B-4777-A55C-BF9BBCFD419A}.Debug|Any CPU.ActiveCfg = Debug|Any CPU
		{7A0D810D-7F5B-4777-A55C-BF9BBCFD419A}.Debug|Any CPU.Build.0 = Debug|Any CPU
		{7A0D810D-7F5B-4777-A55C-BF9BBCFD419A}.Release|Any CPU.ActiveCfg = Release|Any CPU
		{7A0D810D-7F5B-4777-A55C-BF9BBCFD419A}.Release|Any CPU.Build.0 = Release|Any CPU
		{6BCF49C3-5D5B-4C7A-B7BF-F8625DD885F4}.Debug|Any CPU.ActiveCfg = Debug|Any CPU
		{6BCF49C3-5D5B-4C7A-B7BF-F8625DD885F4}.Debug|Any CPU.Build.0 = Debug|Any CPU
		{6BCF49C3-5D5B-4C7A-B7BF-F8625DD885F4}.Release|Any CPU.ActiveCfg = Release|Any CPU
		{6BCF49C3-5D5B-4C7A-B7BF-F8625DD885F4}.Release|Any CPU.Build.0 = Release|Any CPU
		{8AAB8B74-E13A-4732-B8DD-F92858FBA86A}.Debug|Any CPU.ActiveCfg = Debug|Any CPU
		{8AAB8B74-E13A-4732-B8DD-F92858FBA86A}.Debug|Any CPU.Build.0 = Debug|Any CPU
		{8AAB8B74-E13A-4732-B8DD-F92858FBA86A}.Release|Any CPU.ActiveCfg = Release|Any CPU
		{8AAB8B74-E13A-4732-B8DD-F92858FBA86A}.Release|Any CPU.Build.0 = Release|Any CPU
		{33D087A6-92FB-4B6B-9C3B-1EBA951CC5EE}.Debug|Any CPU.ActiveCfg = Debug|Any CPU
		{33D087A6-92FB-4B6B-9C3B-1EBA951CC5EE}.Debug|Any CPU.Build.0 = Debug|Any CPU
		{33D087A6-92FB-4B6B-9C3B-1EBA951CC5EE}.Release|Any CPU.ActiveCfg = Release|Any CPU
		{33D087A6-92FB-4B6B-9C3B-1EBA951CC5EE}.Release|Any CPU.Build.0 = Release|Any CPU
		{49AA7EB5-902B-49BE-9460-AECA3D267C65}.Debug|Any CPU.ActiveCfg = Debug|Any CPU
		{49AA7EB5-902B-49BE-9460-AECA3D267C65}.Debug|Any CPU.Build.0 = Debug|Any CPU
		{49AA7EB5-902B-49BE-9460-AECA3D267C65}.Release|Any CPU.ActiveCfg = Release|Any CPU
		{49AA7EB5-902B-49BE-9460-AECA3D267C65}.Release|Any CPU.Build.0 = Release|Any CPU
		{207318E3-5D12-4B5A-A1FB-A4A65E265197}.Debug|Any CPU.ActiveCfg = Debug|Any CPU
		{207318E3-5D12-4B5A-A1FB-A4A65E265197}.Debug|Any CPU.Build.0 = Debug|Any CPU
		{207318E3-5D12-4B5A-A1FB-A4A65E265197}.Release|Any CPU.ActiveCfg = Release|Any CPU
		{207318E3-5D12-4B5A-A1FB-A4A65E265197}.Release|Any CPU.Build.0 = Release|Any CPU
		{3504FB97-7C2B-4366-B677-9BB5630796EA}.Debug|Any CPU.ActiveCfg = Debug|Any CPU
		{3504FB97-7C2B-4366-B677-9BB5630796EA}.Debug|Any CPU.Build.0 = Debug|Any CPU
		{3504FB97-7C2B-4366-B677-9BB5630796EA}.Release|Any CPU.ActiveCfg = Release|Any CPU
		{3504FB97-7C2B-4366-B677-9BB5630796EA}.Release|Any CPU.Build.0 = Release|Any CPU
		{0DBE5FF1-1439-4B92-BB73-84DDAD73A57B}.Debug|Any CPU.ActiveCfg = Debug|Any CPU
		{0DBE5FF1-1439-4B92-BB73-84DDAD73A57B}.Debug|Any CPU.Build.0 = Debug|Any CPU
		{0DBE5FF1-1439-4B92-BB73-84DDAD73A57B}.Release|Any CPU.ActiveCfg = Release|Any CPU
		{0DBE5FF1-1439-4B92-BB73-84DDAD73A57B}.Release|Any CPU.Build.0 = Release|Any CPU
		{D4FBE9F2-4EEB-4089-962C-01D7A1D9BC50}.Debug|Any CPU.ActiveCfg = Debug|Any CPU
		{D4FBE9F2-4EEB-4089-962C-01D7A1D9BC50}.Debug|Any CPU.Build.0 = Debug|Any CPU
		{D4FBE9F2-4EEB-4089-962C-01D7A1D9BC50}.Release|Any CPU.ActiveCfg = Release|Any CPU
		{D4FBE9F2-4EEB-4089-962C-01D7A1D9BC50}.Release|Any CPU.Build.0 = Release|Any CPU
		{815E962E-C6E4-4367-AC85-8B0B79B1F4BA}.Debug|Any CPU.ActiveCfg = Debug|Any CPU
		{815E962E-C6E4-4367-AC85-8B0B79B1F4BA}.Debug|Any CPU.Build.0 = Debug|Any CPU
		{815E962E-C6E4-4367-AC85-8B0B79B1F4BA}.Release|Any CPU.ActiveCfg = Release|Any CPU
		{815E962E-C6E4-4367-AC85-8B0B79B1F4BA}.Release|Any CPU.Build.0 = Release|Any CPU
	EndGlobalSection
	GlobalSection(SolutionProperties) = preSolution
		HideSolutionNode = FALSE
	EndGlobalSection
	GlobalSection(NestedProjects) = preSolution
		{190D8E3C-7E73-45BF-95DE-C963B4A02E1F} = {6F7AA490-4D62-49EF-B2B4-9B250CB069B2}
		{C87CB3E6-48BE-4899-AD92-2E179AFE06D1} = {6F7AA490-4D62-49EF-B2B4-9B250CB069B2}
		{297C1A6C-E980-4E90-BD4E-D0B650DC2EB9} = {6F7AA490-4D62-49EF-B2B4-9B250CB069B2}
		{95BB080A-6E2B-408A-A9F7-524231733E5B} = {4FC79DF6-2166-4FAC-8F8F-526CC861F82C}
		{FCD14B96-5657-4920-B9B3-C69D929FDC87} = {4FC79DF6-2166-4FAC-8F8F-526CC861F82C}
		{6BD60AD2-3745-4F8B-8283-190B851479AE} = {4FC79DF6-2166-4FAC-8F8F-526CC861F82C}
		{F0213B78-F950-4BEC-B585-67CA68828E9D} = {5E88A1AD-2461-4FDD-9C6C-3AAB68705208}
		{28CDA872-849A-4DD8-9513-768C0803C1BE} = {5E88A1AD-2461-4FDD-9C6C-3AAB68705208}
		{7A0D810D-7F5B-4777-A55C-BF9BBCFD419A} = {5E88A1AD-2461-4FDD-9C6C-3AAB68705208}
		{6BCF49C3-5D5B-4C7A-B7BF-F8625DD885F4} = {54DE9619-F242-4B33-854A-064E13E3C55E}
		{8AAB8B74-E13A-4732-B8DD-F92858FBA86A} = {54DE9619-F242-4B33-854A-064E13E3C55E}
		{33D087A6-92FB-4B6B-9C3B-1EBA951CC5EE} = {54DE9619-F242-4B33-854A-064E13E3C55E}
		{49AA7EB5-902B-49BE-9460-AECA3D267C65} = {2747EA0F-653A-4C0C-AB3A-F8C6FF9FB29C}
		{207318E3-5D12-4B5A-A1FB-A4A65E265197} = {2747EA0F-653A-4C0C-AB3A-F8C6FF9FB29C}
		{3504FB97-7C2B-4366-B677-9BB5630796EA} = {2747EA0F-653A-4C0C-AB3A-F8C6FF9FB29C}
		{0DBE5FF1-1439-4B92-BB73-84DDAD73A57B} = {2B9087B7-A3D4-4CD1-9D84-A48820C4E885}
		{D4FBE9F2-4EEB-4089-962C-01D7A1D9BC50} = {2B9087B7-A3D4-4CD1-9D84-A48820C4E885}
		{815E962E-C6E4-4367-AC85-8B0B79B1F4BA} = {2B9087B7-A3D4-4CD1-9D84-A48820C4E885}
	EndGlobalSection
	GlobalSection(ExtensibilityGlobals) = postSolution
		SolutionGuid = {24DDA2EC-E28D-444C-943F-F1B62B1BDA13}
	EndGlobalSection
EndGlobal
